
Microsoft Visual Studio Solution File, Format Version 12.00
# Visual Studio Version 16
VisualStudioVersion = 16.0.31515.178
MinimumVisualStudioVersion = 10.0.40219.1
Project("{9A19103F-16F7-4668-BE54-9A1E7A4F7556}") = "DbToExcel.MVC", "DbToExcel.MVC\DbToExcel.MVC.csproj", "{3BCEE531-4FCF-4197-B2D3-063B9003799F}"
EndProject
Project("{FAE04EC0-301F-11D3-BF4B-00C04F79EFBC}") = "DbToExcel.Shared", "DbToExcel.Shared\DbToExcel.Shared.csproj", "{BA598585-26E1-4172-A4EA-C103C000AC51}"
EndProject
Project("{FAE04EC0-301F-11D3-BF4B-00C04F79EFBC}") = "DbToExcel.FileCreateWorkerService", "DbToExcel.FileCreateWorkerService\DbToExcel.FileCreateWorkerService.csproj", "{7C6DF9F2-E50B-4342-B34B-E7096C685EB8}"
EndProject
Global
	GlobalSection(SolutionConfigurationPlatforms) = preSolution
		Debug|Any CPU = Debug|Any CPU
		Release|Any CPU = Release|Any CPU
	EndGlobalSection
	GlobalSection(ProjectConfigurationPlatforms) = postSolution
		{3BCEE531-4FCF-4197-B2D3-063B9003799F}.Debug|Any CPU.ActiveCfg = Debug|Any CPU
		{3BCEE531-4FCF-4197-B2D3-063B9003799F}.Debug|Any CPU.Build.0 = Debug|Any CPU
		{3BCEE531-4FCF-4197-B2D3-063B9003799F}.Release|Any CPU.ActiveCfg = Release|Any CPU
		{3BCEE531-4FCF-4197-B2D3-063B9003799F}.Release|Any CPU.Build.0 = Release|Any CPU
		{BA598585-26E1-4172-A4EA-C103C000AC51}.Debug|Any CPU.ActiveCfg = Debug|Any CPU
		{BA598585-26E1-4172-A4EA-C103C000AC51}.Debug|Any CPU.Build.0 = Debug|Any CPU
		{BA598585-26E1-4172-A4EA-C103C000AC51}.Release|Any CPU.ActiveCfg = Release|Any CPU
		{BA598585-26E1-4172-A4EA-C103C000AC51}.Release|Any CPU.Build.0 = Release|Any CPU
		{7C6DF9F2-E50B-4342-B34B-E7096C685EB8}.Debug|Any CPU.ActiveCfg = Debug|Any CPU
		{7C6DF9F2-E50B-4342-B34B-E7096C685EB8}.Debug|Any CPU.Build.0 = Debug|Any CPU
		{7C6DF9F2-E50B-4342-B34B-E7096C685EB8}.Release|Any CPU.ActiveCfg = Release|Any CPU
		{7C6DF9F2-E50B-4342-B34B-E7096C685EB8}.Release|Any CPU.Build.0 = Release|Any CPU
	EndGlobalSection
	GlobalSection(SolutionProperties) = preSolution
		HideSolutionNode = FALSE
	EndGlobalSection
	GlobalSection(ExtensibilityGlobals) = postSolution
		SolutionGuid = {F91A7F07-71EC-4D57-A161-7A50F50348EF}
	EndGlobalSection
EndGlobal
