
Microsoft Visual Studio Solution File, Format Version 12.00
# Visual Studio Version 16
VisualStudioVersion = 16.0.31515.178
MinimumVisualStudioVersion = 10.0.40219.1
Project("{FAE04EC0-301F-11D3-BF4B-00C04F79EFBC}") = "RabbitMQHelloWorld.publisher", "RabbitMQHelloWorld.publisher\RabbitMQHelloWorld.publisher.csproj", "{0F311301-C19E-43F6-AEA5-73E3B01A3888}"
EndProject
Project("{FAE04EC0-301F-11D3-BF4B-00C04F79EFBC}") = "RabbitMQHelloWorld.subscriber", "RabbitMQHelloWorld.subscriber\RabbitMQHelloWorld.subscriber.csproj", "{D6DA2070-B084-4BEE-8660-2F339AC6713D}"
EndProject
Global
	GlobalSection(SolutionConfigurationPlatforms) = preSolution
		Debug|Any CPU = Debug|Any CPU
		Release|Any CPU = Release|Any CPU
	EndGlobalSection
	GlobalSection(ProjectConfigurationPlatforms) = postSolution
		{0F311301-C19E-43F6-AEA5-73E3B01A3888}.Debug|Any CPU.ActiveCfg = Debug|Any CPU
		{0F311301-C19E-43F6-AEA5-73E3B01A3888}.Debug|Any CPU.Build.0 = Debug|Any CPU
		{0F311301-C19E-43F6-AEA5-73E3B01A3888}.Release|Any CPU.ActiveCfg = Release|Any CPU
		{0F311301-C19E-43F6-AEA5-73E3B01A3888}.Release|Any CPU.Build.0 = Release|Any CPU
		{D6DA2070-B084-4BEE-8660-2F339AC6713D}.Debug|Any CPU.ActiveCfg = Debug|Any CPU
		{D6DA2070-B084-4BEE-8660-2F339AC6713D}.Debug|Any CPU.Build.0 = Debug|Any CPU
		{D6DA2070-B084-4BEE-8660-2F339AC6713D}.Release|Any CPU.ActiveCfg = Release|Any CPU
		{D6DA2070-B084-4BEE-8660-2F339AC6713D}.Release|Any CPU.Build.0 = Release|Any CPU
	EndGlobalSection
	GlobalSection(SolutionProperties) = preSolution
		HideSolutionNode = FALSE
	EndGlobalSection
	GlobalSection(ExtensibilityGlobals) = postSolution
		SolutionGuid = {A222A81B-8CAE-4E6A-8C7F-88BC43FB6D84}
	EndGlobalSection
EndGlobal
